
Microsoft Visual Studio Solution File, Format Version 12.00
# Visual Studio Version 16
VisualStudioVersion = 16.0.30330.147
MinimumVisualStudioVersion = 10.0.40219.1
Project("{9A19103F-16F7-4668-BE54-9A1E7A4F7556}") = "LibraryApp.Api", "LibraryApp.Api.csproj", "{533DA012-6E0E-4EAA-8552-76C540E28B32}"
EndProject
Project("{FAE04EC0-301F-11D3-BF4B-00C04F79EFBC}") = "Library.Tests", "..\Library.Tests\Library.Tests.csproj", "{5CFEB34C-B008-464C-9AA6-AAE6A422BC40}"
EndProject
Global
	GlobalSection(SolutionConfigurationPlatforms) = preSolution
		Debug|Any CPU = Debug|Any CPU
		Release|Any CPU = Release|Any CPU
	EndGlobalSection
	GlobalSection(ProjectConfigurationPlatforms) = postSolution
		{533DA012-6E0E-4EAA-8552-76C540E28B32}.Debug|Any CPU.ActiveCfg = Debug|Any CPU
		{533DA012-6E0E-4EAA-8552-76C540E28B32}.Debug|Any CPU.Build.0 = Debug|Any CPU
		{533DA012-6E0E-4EAA-8552-76C540E28B32}.Release|Any CPU.ActiveCfg = Release|Any CPU
		{533DA012-6E0E-4EAA-8552-76C540E28B32}.Release|Any CPU.Build.0 = Release|Any CPU
		{5CFEB34C-B008-464C-9AA6-AAE6A422BC40}.Debug|Any CPU.ActiveCfg = Debug|Any CPU
		{5CFEB34C-B008-464C-9AA6-AAE6A422BC40}.Debug|Any CPU.Build.0 = Debug|Any CPU
		{5CFEB34C-B008-464C-9AA6-AAE6A422BC40}.Release|Any CPU.ActiveCfg = Release|Any CPU
		{5CFEB34C-B008-464C-9AA6-AAE6A422BC40}.Release|Any CPU.Build.0 = Release|Any CPU
	EndGlobalSection
	GlobalSection(SolutionProperties) = preSolution
		HideSolutionNode = FALSE
	EndGlobalSection
	GlobalSection(ExtensibilityGlobals) = postSolution
		SolutionGuid = {1CC79E3F-379D-42BB-B871-DA05E3C2457B}
	EndGlobalSection
EndGlobal
